
Microsoft Visual Studio Solution File, Format Version 12.00
# Visual Studio Version 17
VisualStudioVersion = 17.7.34031.279
MinimumVisualStudioVersion = 10.0.40219.1
Project("{9A19103F-16F7-4668-BE54-9A1E7A4F7556}") = "Pubs.Domain", "Pubs.Domain\Pubs.Domain.csproj", "{69CA1688-F545-45B9-A82E-A3877F7ECA42}"
EndProject
Project("{9A19103F-16F7-4668-BE54-9A1E7A4F7556}") = "Pubs.Infrastructure", "Pubs,Infrastructure\Pubs.Infrastructure.csproj", "{8AAB8B61-9BE7-475B-BD61-CF2A90D0B167}"
EndProject
Project("{9A19103F-16F7-4668-BE54-9A1E7A4F7556}") = "Pubs.IOC", "Pubs.IOC\Pubs.IOC.csproj", "{C2910FDA-1A37-4639-8128-DB8A445B9E80}"
EndProject
Project("{9A19103F-16F7-4668-BE54-9A1E7A4F7556}") = "Pubs.API", "Pubs.API\Pubs.API.csproj", "{28F124BB-7C52-4B4E-959B-012B2FBC6B48}"
EndProject
Project("{9A19103F-16F7-4668-BE54-9A1E7A4F7556}") = "Pubs.Web", "Pubs.Web\Pubs.Web.csproj", "{4A7EBC45-6814-4699-B67B-0FA19B400391}"
EndProject
Project("{2150E333-8FDC-42A3-9474-1A3956D46DE8}") = "Domain", "Domain", "{E6B44E50-741A-4784-979F-E50D89F98366}"
EndProject
Project("{2150E333-8FDC-42A3-9474-1A3956D46DE8}") = "Infrastructure", "Infrastructure", "{AC99BA51-E1B6-4C4A-8B83-F5569753523E}"
EndProject
Project("{2150E333-8FDC-42A3-9474-1A3956D46DE8}") = "IOC", "IOC", "{A9EC3DA9-6F69-4C4F-9DE0-65D9DAD68AEB}"
EndProject
Project("{2150E333-8FDC-42A3-9474-1A3956D46DE8}") = "Web", "Web", "{4271E4B8-7971-4663-8FA2-A46CAC9D591D}"
EndProject
Project("{2150E333-8FDC-42A3-9474-1A3956D46DE8}") = "API", "API", "{B28F58C5-E24E-412F-924D-B74AD2BAD647}"
EndProject
Global
	GlobalSection(SolutionConfigurationPlatforms) = preSolution
		Debug|Any CPU = Debug|Any CPU
		Release|Any CPU = Release|Any CPU
	EndGlobalSection
	GlobalSection(ProjectConfigurationPlatforms) = postSolution
		{69CA1688-F545-45B9-A82E-A3877F7ECA42}.Debug|Any CPU.ActiveCfg = Debug|Any CPU
		{69CA1688-F545-45B9-A82E-A3877F7ECA42}.Debug|Any CPU.Build.0 = Debug|Any CPU
		{69CA1688-F545-45B9-A82E-A3877F7ECA42}.Release|Any CPU.ActiveCfg = Release|Any CPU
		{69CA1688-F545-45B9-A82E-A3877F7ECA42}.Release|Any CPU.Build.0 = Release|Any CPU
		{8AAB8B61-9BE7-475B-BD61-CF2A90D0B167}.Debug|Any CPU.ActiveCfg = Debug|Any CPU
		{8AAB8B61-9BE7-475B-BD61-CF2A90D0B167}.Debug|Any CPU.Build.0 = Debug|Any CPU
		{8AAB8B61-9BE7-475B-BD61-CF2A90D0B167}.Release|Any CPU.ActiveCfg = Release|Any CPU
		{8AAB8B61-9BE7-475B-BD61-CF2A90D0B167}.Release|Any CPU.Build.0 = Release|Any CPU
		{C2910FDA-1A37-4639-8128-DB8A445B9E80}.Debug|Any CPU.ActiveCfg = Debug|Any CPU
		{C2910FDA-1A37-4639-8128-DB8A445B9E80}.Debug|Any CPU.Build.0 = Debug|Any CPU
		{C2910FDA-1A37-4639-8128-DB8A445B9E80}.Release|Any CPU.ActiveCfg = Release|Any CPU
		{C2910FDA-1A37-4639-8128-DB8A445B9E80}.Release|Any CPU.Build.0 = Release|Any CPU
		{28F124BB-7C52-4B4E-959B-012B2FBC6B48}.Debug|Any CPU.ActiveCfg = Debug|Any CPU
		{28F124BB-7C52-4B4E-959B-012B2FBC6B48}.Debug|Any CPU.Build.0 = Debug|Any CPU
		{28F124BB-7C52-4B4E-959B-012B2FBC6B48}.Release|Any CPU.ActiveCfg = Release|Any CPU
		{28F124BB-7C52-4B4E-959B-012B2FBC6B48}.Release|Any CPU.Build.0 = Release|Any CPU
		{4A7EBC45-6814-4699-B67B-0FA19B400391}.Debug|Any CPU.ActiveCfg = Debug|Any CPU
		{4A7EBC45-6814-4699-B67B-0FA19B400391}.Debug|Any CPU.Build.0 = Debug|Any CPU
		{4A7EBC45-6814-4699-B67B-0FA19B400391}.Release|Any CPU.ActiveCfg = Release|Any CPU
		{4A7EBC45-6814-4699-B67B-0FA19B400391}.Release|Any CPU.Build.0 = Release|Any CPU
	EndGlobalSection
	GlobalSection(SolutionProperties) = preSolution
		HideSolutionNode = FALSE
	EndGlobalSection
	GlobalSection(NestedProjects) = preSolution
		{69CA1688-F545-45B9-A82E-A3877F7ECA42} = {E6B44E50-741A-4784-979F-E50D89F98366}
		{8AAB8B61-9BE7-475B-BD61-CF2A90D0B167} = {AC99BA51-E1B6-4C4A-8B83-F5569753523E}
		{C2910FDA-1A37-4639-8128-DB8A445B9E80} = {A9EC3DA9-6F69-4C4F-9DE0-65D9DAD68AEB}
		{28F124BB-7C52-4B4E-959B-012B2FBC6B48} = {B28F58C5-E24E-412F-924D-B74AD2BAD647}
		{4A7EBC45-6814-4699-B67B-0FA19B400391} = {4271E4B8-7971-4663-8FA2-A46CAC9D591D}
	EndGlobalSection
	GlobalSection(ExtensibilityGlobals) = postSolution
		SolutionGuid = {9B646714-8ECC-4C87-A395-7153F1B7B4E4}
	EndGlobalSection
EndGlobal
